
Microsoft Visual Studio Solution File, Format Version 12.00
# Visual Studio Version 17
VisualStudioVersion = 17.3.32811.315
MinimumVisualStudioVersion = 10.0.40219.1
Project("{FAE04EC0-301F-11D3-BF4B-00C04F79EFBC}") = "k190146_Q1", "k190146_Q1\k190146_Q1.csproj", "{A6EF6648-2C49-4B86-8E70-22511C4696B5}"
EndProject
Global
	GlobalSection(SolutionConfigurationPlatforms) = preSolution
		Debug|Any CPU = Debug|Any CPU
		Release|Any CPU = Release|Any CPU
	EndGlobalSection
	GlobalSection(ProjectConfigurationPlatforms) = postSolution
		{A6EF6648-2C49-4B86-8E70-22511C4696B5}.Debug|Any CPU.ActiveCfg = Debug|Any CPU
		{A6EF6648-2C49-4B86-8E70-22511C4696B5}.Debug|Any CPU.Build.0 = Debug|Any CPU
		{A6EF6648-2C49-4B86-8E70-22511C4696B5}.Release|Any CPU.ActiveCfg = Release|Any CPU
		{A6EF6648-2C49-4B86-8E70-22511C4696B5}.Release|Any CPU.Build.0 = Release|Any CPU
	EndGlobalSection
	GlobalSection(SolutionProperties) = preSolution
		HideSolutionNode = FALSE
	EndGlobalSection
	GlobalSection(ExtensibilityGlobals) = postSolution
		SolutionGuid = {73229AC6-1FB2-4C99-8675-94EA5B88BDC7}
	EndGlobalSection
EndGlobal
